// !$*UTF8*$!
{
	archiveVersion = 1;
	classes = {
	};
	objectVersion = 46;
	objects = {

/* Begin PBXBuildFile section */
		8E4905F91C458F8A0078CBB7 /* ViewController2.swift in Sources */ = {isa = PBXBuildFile; fileRef = 8E4905F71C458F8A0078CBB7 /* ViewController2.swift */; };
		8E4905FA1C458F8A0078CBB7 /* ViewController3.swift in Sources */ = {isa = PBXBuildFile; fileRef = 8E4905F81C458F8A0078CBB7 /* ViewController3.swift */; };
		8EBF62D31C42AA3400F34849 /* AppDelegate.swift in Sources */ = {isa = PBXBuildFile; fileRef = 8EBF62D21C42AA3400F34849 /* AppDelegate.swift */; };
		8EBF62D51C42AA3400F34849 /* ViewController.swift in Sources */ = {isa = PBXBuildFile; fileRef = 8EBF62D41C42AA3400F34849 /* ViewController.swift */; };
		8EBF62D81C42AA3400F34849 /* Main.storyboard in Resources */ = {isa = PBXBuildFile; fileRef = 8EBF62D61C42AA3400F34849 /* Main.storyboard */; };
		8EBF62DA1C42AA3400F34849 /* Assets.xcassets in Resources */ = {isa = PBXBuildFile; fileRef = 8EBF62D91C42AA3400F34849 /* Assets.xcassets */; };
		8EBF62DD1C42AA3400F34849 /* LaunchScreen.storyboard in Resources */ = {isa = PBXBuildFile; fileRef = 8EBF62DB1C42AA3400F34849 /* LaunchScreen.storyboard */; };
		8EBF62E61C42B17600F34849 /* OHCircleSegue.swift in Sources */ = {isa = PBXBuildFile; fileRef = 8EBF62E51C42B17600F34849 /* OHCircleSegue.swift */; };
/* End PBXBuildFile section */

/* Begin PBXFileReference section */
		8E4905F71C458F8A0078CBB7 /* ViewController2.swift */ = {isa = PBXFileReference; fileEncoding = 4; lastKnownFileType = sourcecode.swift; path = ViewController2.swift; sourceTree = "<group>"; };
		8E4905F81C458F8A0078CBB7 /* ViewController3.swift */ = {isa = PBXFileReference; fileEncoding = 4; lastKnownFileType = sourcecode.swift; path = ViewController3.swift; sourceTree = "<group>"; };
		8EBF62CF1C42AA3400F34849 /* OHCircleSegue.app */ = {isa = PBXFileReference; explicitFileType = wrapper.application; includeInIndex = 0; path = OHCircleSegue.app; sourceTree = BUILT_PRODUCTS_DIR; };
		8EBF62D21C42AA3400F34849 /* AppDelegate.swift */ = {isa = PBXFileReference; lastKnownFileType = sourcecode.swift; path = AppDelegate.swift; sourceTree = "<group>"; };
		8EBF62D41C42AA3400F34849 /* ViewController.swift */ = {isa = PBXFileReference; lastKnownFileType = sourcecode.swift; path = ViewController.swift; sourceTree = "<group>"; };
		8EBF62D71C42AA3400F34849 /* Base */ = {isa = PBXFileReference; lastKnownFileType = file.storyboard; name = Base; path = Base.lproj/Main.storyboard; sourceTree = "<group>"; };
		8EBF62D91C42AA3400F34849 /* Assets.xcassets */ = {isa = PBXFileReference; lastKnownFileType = folder.assetcatalog; path = Assets.xcassets; sourceTree = "<group>"; };
		8EBF62DC1C42AA3400F34849 /* Base */ = {isa = PBXFileReference; lastKnownFileType = file.storyboard; name = Base; path = Base.lproj/LaunchScreen.storyboard; sourceTree = "<group>"; };
		8EBF62DE1C42AA3400F34849 /* Info.plist */ = {isa = PBXFileReference; lastKnownFileType = text.plist.xml; path = Info.plist; sourceTree = "<group>"; };
		8EBF62E51C42B17600F34849 /* OHCircleSegue.swift */ = {isa = PBXFileReference; fileEncoding = 4; lastKnownFileType = sourcecode.swift; path = OHCircleSegue.swift; sourceTree = "<group>"; };
/* End PBXFileReference section */

/* Begin PBXFrameworksBuildPhase section */
		8EBF62CC1C42AA3400F34849 /* Frameworks */ = {
			isa = PBXFrameworksBuildPhase;
			buildActionMask = 2147483647;
			files = (
			);
			runOnlyForDeploymentPostprocessing = 0;
		};
/* End PBXFrameworksBuildPhase section */

/* Begin PBXGroup section */
		8EBF62C61C42AA3400F34849 = {
			isa = PBXGroup;
			children = (
				8EBF62D11C42AA3400F34849 /* OHCircleSegue */,
				8EBF62D01C42AA3400F34849 /* Products */,
			);
			sourceTree = "<group>";
		};
		8EBF62D01C42AA3400F34849 /* Products */ = {
			isa = PBXGroup;
			children = (
				8EBF62CF1C42AA3400F34849 /* OHCircleSegue.app */,
			);
			name = Products;
			sourceTree = "<group>";
		};
		8EBF62D11C42AA3400F34849 /* OHCircleSegue */ = {
			isa = PBXGroup;
			children = (
				8EBF62E41C42B15200F34849 /* OHCircleSegue */,
				8EBF62D21C42AA3400F34849 /* AppDelegate.swift */,
				8EBF62D41C42AA3400F34849 /* ViewController.swift */,
				8E4905F71C458F8A0078CBB7 /* ViewController2.swift */,
				8E4905F81C458F8A0078CBB7 /* ViewController3.swift */,
				8EBF62D61C42AA3400F34849 /* Main.storyboard */,
				8EBF62D91C42AA3400F34849 /* Assets.xcassets */,
				8EBF62DB1C42AA3400F34849 /* LaunchScreen.storyboard */,
				8EBF62DE1C42AA3400F34849 /* Info.plist */,
			);
			path = OHCircleSegue;
			sourceTree = "<group>";
		};
		8EBF62E41C42B15200F34849 /* OHCircleSegue */ = {
			isa = PBXGroup;
			children = (
				8EBF62E51C42B17600F34849 /* OHCircleSegue.swift */,
			);
			name = OHCircleSegue;
			sourceTree = "<group>";
		};
/* End PBXGroup section */

/* Begin PBXNativeTarget section */
		8EBF62CE1C42AA3400F34849 /* OHCircleSegue */ = {
			isa = PBXNativeTarget;
			buildConfigurationList = 8EBF62E11C42AA3400F34849 /* Build configuration list for PBXNativeTarget "OHCircleSegue" */;
			buildPhases = (
				8EBF62CB1C42AA3400F34849 /* Sources */,
				8EBF62CC1C42AA3400F34849 /* Frameworks */,
				8EBF62CD1C42AA3400F34849 /* Resources */,
			);
			buildRules = (
			);
			dependencies = (
			);
			name = OHCircleSegue;
			productName = OHCircleSegue;
			productReference = 8EBF62CF1C42AA3400F34849 /* OHCircleSegue.app */;
			productType = "com.apple.product-type.application";
		};
/* End PBXNativeTarget section */

/* Begin PBXProject section */
		8EBF62C71C42AA3400F34849 /* Project object */ = {
			isa = PBXProject;
			attributes = {
				LastSwiftUpdateCheck = 0720;
				LastUpgradeCheck = 0720;
				ORGANIZATIONNAME = "Øyvind Hauge";
				TargetAttributes = {
					8EBF62CE1C42AA3400F34849 = {
						CreatedOnToolsVersion = 7.2;
					};
				};
			};
			buildConfigurationList = 8EBF62CA1C42AA3400F34849 /* Build configuration list for PBXProject "OHCircleSegue" */;
			compatibilityVersion = "Xcode 3.2";
			developmentRegion = English;
			hasScannedForEncodings = 0;
			knownRegions = (
				en,
				Base,
			);
			mainGroup = 8EBF62C61C42AA3400F34849;
			productRefGroup = 8EBF62D01C42AA3400F34849 /* Products */;
			projectDirPath = "";
			projectRoot = "";
			targets = (
				8EBF62CE1C42AA3400F34849 /* OHCircleSegue */,
			);
		};
/* End PBXProject section */

/* Begin PBXResourcesBuildPhase section */
		8EBF62CD1C42AA3400F34849 /* Resources */ = {
			isa = PBXResourcesBuildPhase;
			buildActionMask = 2147483647;
			files = (
				8EBF62DD1C42AA3400F34849 /* LaunchScreen.storyboard in Resources */,
				8EBF62DA1C42AA3400F34849 /* Assets.xcassets in Resources */,
				8EBF62D81C42AA3400F34849 /* Main.storyboard in Resources */,
			);
			runOnlyForDeploymentPostprocessing = 0;
		};
/* End PBXResourcesBuildPhase section */

/* Begin PBXSourcesBuildPhase section */
		8EBF62CB1C42AA3400F34849 /* Sources */ = {
			isa = PBXSourcesBuildPhase;
			buildActionMask = 2147483647;
			files = (
				8E4905FA1C458F8A0078CBB7 /* ViewController3.swift in Sources */,
				8EBF62D51C42AA3400F34849 /* ViewController.swift in Sources */,
				8E4905F91C458F8A0078CBB7 /* ViewController2.swift in Sources */,
				8EBF62E61C42B17600F34849 /* OHCircleSegue.swift in Sources */,
				8EBF62D31C42AA3400F34849 /* AppDelegate.swift in Sources */,
			);
			runOnlyForDeploymentPostprocessing = 0;
		};
/* End PBXSourcesBuildPhase section */

/* Begin PBXVariantGroup section */
		8EBF62D61C42AA3400F34849 /* Main.storyboard */ = {
			isa = PBXVariantGroup;
			children = (
				8EBF62D71C42AA3400F34849 /* Base */,
			);
			name = Main.storyboard;
			sourceTree = "<group>";
		};
		8EBF62DB1C42AA3400F34849 /* LaunchScreen.storyboard */ = {
			isa = PBXVariantGroup;
			children = (
				8EBF62DC1C42AA3400F34849 /* Base */,
			);
			name = LaunchScreen.storyboard;
			sourceTree = "<group>";
		};
/* End PBXVariantGroup section */

/* Begin XCBuildConfiguration section */
		8EBF62DF1C42AA3400F34849 /* Debug */ = {
			isa = XCBuildConfiguration;
			buildSettings = {
				ALWAYS_SEARCH_USER_PATHS = NO;
				CLANG_CXX_LANGUAGE_STANDARD = "gnu++0x";
				CLANG_CXX_LIBRARY = "libc++";
				CLANG_ENABLE_MODULES = YES;
				CLANG_ENABLE_OBJC_ARC = YES;
				CLANG_WARN_BOOL_CONVERSION = YES;
				CLANG_WARN_CONSTANT_CONVERSION = YES;
				CLANG_WARN_DIRECT_OBJC_ISA_USAGE = YES_ERROR;
				CLANG_WARN_EMPTY_BODY = YES;
				CLANG_WARN_ENUM_CONVERSION = YES;
				CLANG_WARN_INT_CONVERSION = YES;
				CLANG_WARN_OBJC_ROOT_CLASS = YES_ERROR;
				CLANG_WARN_UNREACHABLE_CODE = YES;
				CLANG_WARN__DUPLICATE_METHOD_MATCH = YES;
				"CODE_SIGN_IDENTITY[sdk=iphoneos*]" = "iPhone Developer";
				COPY_PHASE_STRIP = NO;
				DEBUG_INFORMATION_FORMAT = dwarf;
				ENABLE_STRICT_OBJC_MSGSEND = YES;
				ENABLE_TESTABILITY = YES;
				GCC_C_LANGUAGE_STANDARD = gnu99;
				GCC_DYNAMIC_NO_PIC = NO;
				GCC_NO_COMMON_BLOCKS = YES;
				GCC_OPTIMIZATION_LEVEL = 0;
				GCC_PREPROCESSOR_DEFINITIONS = (
					"DEBUG=1",
					"$(inherited)",
				);
				GCC_WARN_64_TO_32_BIT_CONVERSION = YES;
				GCC_WARN_ABOUT_RETURN_TYPE = YES_ERROR;
				GCC_WARN_UNDECLARED_SELECTOR = YES;
				GCC_WARN_UNINITIALIZED_AUTOS = YES_AGGRESSIVE;
				GCC_WARN_UNUSED_FUNCTION = YES;
				GCC_WARN_UNUSED_VARIABLE = YES;
				IPHONEOS_DEPLOYMENT_TARGET = 9.2;
				MTL_ENABLE_DEBUG_INFO = YES;
				ONLY_ACTIVE_ARCH = YES;
				SDKROOT = iphoneos;
				SWIFT_OPTIMIZATION_LEVEL = "-Onone";
			};
			name = Debug;
		};
		8EBF62E01C42AA3400F34849 /* Release */ = {
			isa = XCBuildConfiguration;
			buildSettings = {
				ALWAYS_SEARCH_USER_PATHS = NO;
				CLANG_CXX_LANGUAGE_STANDARD = "gnu++0x";
				CLANG_CXX_LIBRARY = "libc++";
				CLANG_ENABLE_MODULES = YES;
				CLANG_ENABLE_OBJC_ARC = YES;
				CLANG_WARN_BOOL_CONVERSION = YES;
				CLANG_WARN_CONSTANT_CONVERSION = YES;
				CLANG_WARN_DIRECT_OBJC_ISA_USAGE = YES_ERROR;
				CLANG_WARN_EMPTY_BODY = YES;
				CLANG_WARN_ENUM_CONVERSION = YES;
				CLANG_WARN_INT_CONVERSION = YES;
				CLANG_WARN_OBJC_ROOT_CLASS = YES_ERROR;
				CLANG_WARN_UNREACHABLE_CODE = YES;
				CLANG_WARN__DUPLICATE_METHOD_MATCH = YES;
				"CODE_SIGN_IDENTITY[sdk=iphoneos*]" = "iPhone Developer";
				COPY_PHASE_STRIP = NO;
				DEBUG_INFORMATION_FORMAT = "dwarf-with-dsym";
				ENABLE_NS_ASSERTIONS = NO;
				ENABLE_STRICT_OBJC_MSGSEND = YES;
				GCC_C_LANGUAGE_STANDARD = gnu99;
				GCC_NO_COMMON_BLOCKS = YES;
				GCC_WARN_64_TO_32_BIT_CONVERSION = YES;
				GCC_WARN_ABOUT_RETURN_TYPE = YES_ERROR;
				GCC_WARN_UNDECLARED_SELECTOR = YES;
				GCC_WARN_UNINITIALIZED_AUTOS = YES_AGGRESSIVE;
				GCC_WARN_UNUSED_FUNCTION = YES;
				GCC_WARN_UNUSED_VARIABLE = YES;
				IPHONEOS_DEPLOYMENT_TARGET = 9.2;
				MTL_ENABLE_DEBUG_INFO = NO;
				SDKROOT = iphoneos;
				VALIDATE_PRODUCT = YES;
			};
			name = Release;
		};
		8EBF62E21C42AA3400F34849 /* Debug */ = {
			isa = XCBuildConfiguration;
			buildSettings = {
				ASSETCATALOG_COMPILER_APPICON_NAME = AppIcon;
				INFOPLIST_FILE = OHCircleSegue/Info.plist;
				LD_RUNPATH_SEARCH_PATHS = "$(inherited) @executable_path/Frameworks";
				PRODUCT_BUNDLE_IDENTIFIER = com.oyvindhauge.OHCircleSegue;
				PRODUCT_NAME = "$(TARGET_NAME)";
			};
			name = Debug;
		};
		8EBF62E31C42AA3400F34849 /* Release */ = {
			isa = XCBuildConfiguration;
			buildSettings = {
				ASSETCATALOG_COMPILER_APPICON_NAME = AppIcon;
				INFOPLIST_FILE = OHCircleSegue/Info.plist;
				LD_RUNPATH_SEARCH_PATHS = "$(inherited) @executable_path/Frameworks";
				PRODUCT_BUNDLE_IDENTIFIER = com.oyvindhauge.OHCircleSegue;
				PRODUCT_NAME = "$(TARGET_NAME)";
			};
			name = Release;
		};
/* End XCBuildConfiguration section */

/* Begin XCConfigurationList section */
		8EBF62CA1C42AA3400F34849 /* Build configuration list for PBXProject "OHCircleSegue" */ = {
			isa = XCConfigurationList;
			buildConfigurations = (
				8EBF62DF1C42AA3400F34849 /* Debug */,
				8EBF62E01C42AA3400F34849 /* Release */,
			);
			defaultConfigurationIsVisible = 0;
			defaultConfigurationName = Release;
		};
		8EBF62E11C42AA3400F34849 /* Build configuration list for PBXNativeTarget "OHCircleSegue" */ = {
			isa = XCConfigurationList;
			buildConfigurations = (
				8EBF62E21C42AA3400F34849 /* Debug */,
				8EBF62E31C42AA3400F34849 /* Release */,
			);
			defaultConfigurationIsVisible = 0;
			defaultConfigurationName = Release;
		};
/* End XCConfigurationList section */
	};
	rootObject = 8EBF62C71C42AA3400F34849 /* Project object */;
}
